// !$*UTF8*$!
{
	archiveVersion = 1;
	classes = {
	};
	objectVersion = 77;
	objects = {

/* Begin PBXContainerItemProxy section */
		7DCD33A82F4CC1D900C10322 /* PBXContainerItemProxy */ = {
			isa = PBXContainerItemProxy;
			containerPortal = 7DCD33922F4CC1D800C10322 /* Project object */;
			proxyType = 1;
			remoteGlobalIDString = 7DCD33992F4CC1D800C10322;
			remoteInfo = s_wishlist_x2;
		};
		7DCD33B22F4CC1D900C10322 /* PBXContainerItemProxy */ = {
			isa = PBXContainerItemProxy;
			containerPortal = 7DCD33922F4CC1D800C10322 /* Project object */;
			proxyType = 1;
			remoteGlobalIDString = 7DCD33992F4CC1D800C10322;
			remoteInfo = s_wishlist_x2;
		};
/* End PBXContainerItemProxy section */

/* Begin PBXFileReference section */
		7DCD339A2F4CC1D800C10322 /* s_wishlist_x2.app */ = {isa = PBXFileReference; explicitFileType = wrapper.application; includeInIndex = 0; path = s_wishlist_x2.app; sourceTree = BUILT_PRODUCTS_DIR; };
		7DCD33A72F4CC1D900C10322 /* s_wishlist_x2Tests.xctest */ = {isa = PBXFileReference; explicitFileType = wrapper.cfbundle; includeInIndex = 0; path = s_wishlist_x2Tests.xctest; sourceTree = BUILT_PRODUCTS_DIR; };
		7DCD33B12F4CC1D900C10322 /* s_wishlist_x2UITests.xctest */ = {isa = PBXFileReference; explicitFileType = wrapper.cfbundle; includeInIndex = 0; path = s_wishlist_x2UITests.xctest; sourceTree = BUILT_PRODUCTS_DIR; };
/* End PBXFileReference section */

/* Begin PBXFileSystemSynchronizedRootGroup section */
		7DCD339C2F4CC1D800C10322 /* s_wishlist_x2 */ = {
			isa = PBXFileSystemSynchronizedRootGroup;
			path = s_wishlist_x2;
			sourceTree = "<group>";
		};
		7DCD33AA2F4CC1D900C10322 /* s_wishlist_x2Tests */ = {
			isa = PBXFileSystemSynchronizedRootGroup;
			path = s_wishlist_x2Tests;
			sourceTree = "<group>";
		};
		7DCD33B42F4CC1D900C10322 /* s_wishlist_x2UITests */ = {
			isa = PBXFileSystemSynchronizedRootGroup;
			path = s_wishlist_x2UITests;
			sourceTree = "<group>";
		};
/* End PBXFileSystemSynchronizedRootGroup section */

/* Begin PBXFrameworksBuildPhase section */
		7DCD33972F4CC1D800C10322 /* Frameworks */ = {
			isa = PBXFrameworksBuildPhase;
			buildActionMask = 2147483647;
			files = (
			);
			runOnlyForDeploymentPostprocessing = 0;
		};
		7DCD33A42F4CC1D900C10322 /* Frameworks */ = {
			isa = PBXFrameworksBuildPhase;
			buildActionMask = 2147483647;
			files = (
			);
			runOnlyForDeploymentPostprocessing = 0;
		};
		7DCD33AE2F4CC1D900C10322 /* Frameworks */ = {
			isa = PBXFrameworksBuildPhase;
			buildActionMask = 2147483647;
			files = (
			);
			runOnlyForDeploymentPostprocessing = 0;
		};
/* End PBXFrameworksBuildPhase section */

/* Begin PBXGroup section */
		7DCD33912F4CC1D800C10322 = {
			isa = PBXGroup;
			children = (
				7DCD339C2F4CC1D800C10322 /* s_wishlist_x2 */,
				7DCD33AA2F4CC1D900C10322 /* s_wishlist_x2Tests */,
				7DCD33B42F4CC1D900C10322 /* s_wishlist_x2UITests */,
				7DCD339B2F4CC1D800C10322 /* Products */,
			);
			sourceTree = "<group>";
		};
		7DCD339B2F4CC1D800C10322 /* Products */ = {
			isa = PBXGroup;
			children = (
				7DCD339A2F4CC1D800C10322 /* s_wishlist_x2.app */,
				7DCD33A72F4CC1D900C10322 /* s_wishlist_x2Tests.xctest */,
				7DCD33B12F4CC1D900C10322 /* s_wishlist_x2UITests.xctest */,
			);
			name = Products;
			sourceTree = "<group>";
		};
/* End PBXGroup section */

/* Begin PBXNativeTarget section */
		7DCD33992F4CC1D800C10322 /* s_wishlist_x2 */ = {
			isa = PBXNativeTarget;
			buildConfigurationList = 7DCD33BB2F4CC1D900C10322 /* Build configuration list for PBXNativeTarget "s_wishlist_x2" */;
			buildPhases = (
				7DCD33962F4CC1D800C10322 /* Sources */,
				7DCD33972F4CC1D800C10322 /* Frameworks */,
				7DCD33982F4CC1D800C10322 /* Resources */,
			);
			buildRules = (
			);
			dependencies = (
			);
			fileSystemSynchronizedGroups = (
				7DCD339C2F4CC1D800C10322 /* s_wishlist_x2 */,
			);
			name = s_wishlist_x2;
			packageProductDependencies = (
			);
			productName = s_wishlist_x2;
			productReference = 7DCD339A2F4CC1D800C10322 /* s_wishlist_x2.app */;
			productType = "com.apple.product-type.application";
		};
		7DCD33A62F4CC1D900C10322 /* s_wishlist_x2Tests */ = {
			isa = PBXNativeTarget;
			buildConfigurationList = 7DCD33BE2F4CC1D900C10322 /* Build configuration list for PBXNativeTarget "s_wishlist_x2Tests" */;
			buildPhases = (
				7DCD33A32F4CC1D900C10322 /* Sources */,
				7DCD33A42F4CC1D900C10322 /* Frameworks */,
				7DCD33A52F4CC1D900C10322 /* Resources */,
			);
			buildRules = (
			);
			dependencies = (
				7DCD33A92F4CC1D900C10322 /* PBXTargetDependency */,
			);
			fileSystemSynchronizedGroups = (
				7DCD33AA2F4CC1D900C10322 /* s_wishlist_x2Tests */,
			);
			name = s_wishlist_x2Tests;
			packageProductDependencies = (
			);
			productName = s_wishlist_x2Tests;
			productReference = 7DCD33A72F4CC1D900C10322 /* s_wishlist_x2Tests.xctest */;
			productType = "com.apple.product-type.bundle.unit-test";
		};
		7DCD33B02F4CC1D900C10322 /* s_wishlist_x2UITests */ = {
			isa = PBXNativeTarget;
			buildConfigurationList = 7DCD33C12F4CC1D900C10322 /* Build configuration list for PBXNativeTarget "s_wishlist_x2UITests" */;
			buildPhases = (
				7DCD33AD2F4CC1D900C10322 /* Sources */,
				7DCD33AE2F4CC1D900C10322 /* Frameworks */,
				7DCD33AF2F4CC1D900C10322 /* Resources */,
			);
			buildRules = (
			);
			dependencies = (
				7DCD33B32F4CC1D900C10322 /* PBXTargetDependency */,
			);
			fileSystemSynchronizedGroups = (
				7DCD33B42F4CC1D900C10322 /* s_wishlist_x2UITests */,
			);
			name = s_wishlist_x2UITests;
			packageProductDependencies = (
			);
			productName = s_wishlist_x2UITests;
			productReference = 7DCD33B12F4CC1D900C10322 /* s_wishlist_x2UITests.xctest */;
			productType = "com.apple.product-type.bundle.ui-testing";
		};
/* End PBXNativeTarget section */

/* Begin PBXProject section */
		7DCD33922F4CC1D800C10322 /* Project object */ = {
			isa = PBXProject;
			attributes = {
				BuildIndependentTargetsInParallel = 1;
				LastSwiftUpdateCheck = 2620;
				LastUpgradeCheck = 2620;
				TargetAttributes = {
					7DCD33992F4CC1D800C10322 = {
						CreatedOnToolsVersion = 26.2;
					};
					7DCD33A62F4CC1D900C10322 = {
						CreatedOnToolsVersion = 26.2;
						TestTargetID = 7DCD33992F4CC1D800C10322;
					};
					7DCD33B02F4CC1D900C10322 = {
						CreatedOnToolsVersion = 26.2;
						TestTargetID = 7DCD33992F4CC1D800C10322;
					};
				};
			};
			buildConfigurationList = 7DCD33952F4CC1D800C10322 /* Build configuration list for PBXProject "s_wishlist_x2" */;
			developmentRegion = en;
			hasScannedForEncodings = 0;
			knownRegions = (
				en,
				Base,
			);
			mainGroup = 7DCD33912F4CC1D800C10322;
			minimizedProjectReferenceProxies = 1;
			preferredProjectObjectVersion = 77;
			productRefGroup = 7DCD339B2F4CC1D800C10322 /* Products */;
			projectDirPath = "";
			projectRoot = "";
			targets = (
				7DCD33992F4CC1D800C10322 /* s_wishlist_x2 */,
				7DCD33A62F4CC1D900C10322 /* s_wishlist_x2Tests */,
				7DCD33B02F4CC1D900C10322 /* s_wishlist_x2UITests */,
			);
		};
/* End PBXProject section */

/* Begin PBXResourcesBuildPhase section */
		7DCD33982F4CC1D800C10322 /* Resources */ = {
			isa = PBXResourcesBuildPhase;
			buildActionMask = 2147483647;
			files = (
			);
			runOnlyForDeploymentPostprocessing = 0;
		};
		7DCD33A52F4CC1D900C10322 /* Resources */ = {
			isa = PBXResourcesBuildPhase;
			buildActionMask = 2147483647;
			files = (
			);
			runOnlyForDeploymentPostprocessing = 0;
		};
		7DCD33AF2F4CC1D900C10322 /* Resources */ = {
			isa = PBXResourcesBuildPhase;
			buildActionMask = 2147483647;
			files = (
			);
			runOnlyForDeploymentPostprocessing = 0;
		};
/* End PBXResourcesBuildPhase section */

/* Begin PBXSourcesBuildPhase section */
		7DCD33962F4CC1D800C10322 /* Sources */ = {
			isa = PBXSourcesBuildPhase;
			buildActionMask = 2147483647;
			files = (
			);
			runOnlyForDeploymentPostprocessing = 0;
		};
		7DCD33A32F4CC1D900C10322 /* Sources */ = {
			isa = PBXSourcesBuildPhase;
			buildActionMask = 2147483647;
			files = (
			);
			runOnlyForDeploymentPostprocessing = 0;
		};
		7DCD33AD2F4CC1D900C10322 /* Sources */ = {
			isa = PBXSourcesBuildPhase;
			buildActionMask = 2147483647;
			files = (
			);
			runOnlyForDeploymentPostprocessing = 0;
		};
/* End PBXSourcesBuildPhase section */

/* Begin PBXTargetDependency section */
		7DCD33A92F4CC1D900C10322 /* PBXTargetDependency */ = {
			isa = PBXTargetDependency;
			target = 7DCD33992F4CC1D800C10322 /* s_wishlist_x2 */;
			targetProxy = 7DCD33A82F4CC1D900C10322 /* PBXContainerItemProxy */;
		};
		7DCD33B32F4CC1D900C10322 /* PBXTargetDependency */ = {
			isa = PBXTargetDependency;
			target = 7DCD33992F4CC1D800C10322 /* s_wishlist_x2 */;
			targetProxy = 7DCD33B22F4CC1D900C10322 /* PBXContainerItemProxy */;
		};
/* End PBXTargetDependency section */

/* Begin XCBuildConfiguration section */
		7DCD33B92F4CC1D900C10322 /* Debug */ = {
			isa = XCBuildConfiguration;
			buildSettings = {
				ALWAYS_SEARCH_USER_PATHS = NO;
				ASSETCATALOG_COMPILER_GENERATE_SWIFT_ASSET_SYMBOL_EXTENSIONS = YES;
				CLANG_ANALYZER_NONNULL = YES;
				CLANG_ANALYZER_NUMBER_OBJECT_CONVERSION = YES_AGGRESSIVE;
				CLANG_CXX_LANGUAGE_STANDARD = "gnu++20";
				CLANG_ENABLE_MODULES = YES;
				CLANG_ENABLE_OBJC_ARC = YES;
				CLANG_ENABLE_OBJC_WEAK = YES;
				CLANG_WARN_BLOCK_CAPTURE_AUTORELEASING = YES;
				CLANG_WARN_BOOL_CONVERSION = YES;
				CLANG_WARN_COMMA = YES;
				CLANG_WARN_CONSTANT_CONVERSION = YES;
				CLANG_WARN_DEPRECATED_OBJC_IMPLEMENTATIONS = YES;
				CLANG_WARN_DIRECT_OBJC_ISA_USAGE = YES_ERROR;
				CLANG_WARN_DOCUMENTATION_COMMENTS = YES;
				CLANG_WARN_EMPTY_BODY = YES;
				CLANG_WARN_ENUM_CONVERSION = YES;
				CLANG_WARN_INFINITE_RECURSION = YES;
				CLANG_WARN_INT_CONVERSION = YES;
				CLANG_WARN_NON_LITERAL_NULL_CONVERSION = YES;
				CLANG_WARN_OBJC_IMPLICIT_RETAIN_SELF = YES;
				CLANG_WARN_OBJC_LITERAL_CONVERSION = YES;
				CLANG_WARN_OBJC_ROOT_CLASS = YES_ERROR;
				CLANG_WARN_QUOTED_INCLUDE_IN_FRAMEWORK_HEADER = YES;
				CLANG_WARN_RANGE_LOOP_ANALYSIS = YES;
				CLANG_WARN_STRICT_PROTOTYPES = YES;
				CLANG_WARN_SUSPICIOUS_MOVE = YES;
				CLANG_WARN_UNGUARDED_AVAILABILITY = YES_AGGRESSIVE;
				CLANG_WARN_UNREACHABLE_CODE = YES;
				CLANG_WARN__DUPLICATE_METHOD_MATCH = YES;
				COPY_PHASE_STRIP = NO;
				DEBUG_INFORMATION_FORMAT = dwarf;
				DEVELOPMENT_TEAM = ZAA5MN64VG;
				ENABLE_STRICT_OBJC_MSGSEND = YES;
				ENABLE_TESTABILITY = YES;
				ENABLE_USER_SCRIPT_SANDBOXING = YES;
				GCC_C_LANGUAGE_STANDARD = gnu17;
				GCC_DYNAMIC_NO_PIC = NO;
				GCC_NO_COMMON_BLOCKS = YES;
				GCC_OPTIMIZATION_LEVEL = 0;
				GCC_PREPROCESSOR_DEFINITIONS = (
					"DEBUG=1",
					"$(inherited)",
				);
				GCC_WARN_64_TO_32_BIT_CONVERSION = YES;
				GCC_WARN_ABOUT_RETURN_TYPE = YES_ERROR;
				GCC_WARN_UNDECLARED_SELECTOR = YES;
				GCC_WARN_UNINITIALIZED_AUTOS = YES_AGGRESSIVE;
				GCC_WARN_UNUSED_FUNCTION = YES;
				GCC_WARN_UNUSED_VARIABLE = YES;
				IPHONEOS_DEPLOYMENT_TARGET = 26.2;
				LOCALIZATION_PREFERS_STRING_CATALOGS = YES;
				MTL_ENABLE_DEBUG_INFO = INCLUDE_SOURCE;
				MTL_FAST_MATH = YES;
				ONLY_ACTIVE_ARCH = YES;
				SDKROOT = iphoneos;
				SWIFT_ACTIVE_COMPILATION_CONDITIONS = "DEBUG $(inherited)";
				SWIFT_OPTIMIZATION_LEVEL = "-Onone";
			};
			name = Debug;
		};
		7DCD33BA2F4CC1D900C10322 /* Release */ = {
			isa = XCBuildConfiguration;
			buildSettings = {
				ALWAYS_SEARCH_USER_PATHS = NO;
				ASSETCATALOG_COMPILER_GENERATE_SWIFT_ASSET_SYMBOL_EXTENSIONS = YES;
				CLANG_ANALYZER_NONNULL = YES;
				CLANG_ANALYZER_NUMBER_OBJECT_CONVERSION = YES_AGGRESSIVE;
				CLANG_CXX_LANGUAGE_STANDARD = "gnu++20";
				CLANG_ENABLE_MODULES = YES;
				CLANG_ENABLE_OBJC_ARC = YES;
				CLANG_ENABLE_OBJC_WEAK = YES;
				CLANG_WARN_BLOCK_CAPTURE_AUTORELEASING = YES;
				CLANG_WARN_BOOL_CONVERSION = YES;
				CLANG_WARN_COMMA = YES;
				CLANG_WARN_CONSTANT_CONVERSION = YES;
				CLANG_WARN_DEPRECATED_OBJC_IMPLEMENTATIONS = YES;
				CLANG_WARN_DIRECT_OBJC_ISA_USAGE = YES_ERROR;
				CLANG_WARN_DOCUMENTATION_COMMENTS = YES;
				CLANG_WARN_EMPTY_BODY = YES;
				CLANG_WARN_ENUM_CONVERSION = YES;
				CLANG_WARN_INFINITE_RECURSION = YES;
				CLANG_WARN_INT_CONVERSION = YES;
				CLANG_WARN_NON_LITERAL_NULL_CONVERSION = YES;
				CLANG_WARN_OBJC_IMPLICIT_RETAIN_SELF = YES;
				CLANG_WARN_OBJC_LITERAL_CONVERSION = YES;
				CLANG_WARN_OBJC_ROOT_CLASS = YES_ERROR;
				CLANG_WARN_QUOTED_INCLUDE_IN_FRAMEWORK_HEADER = YES;
				CLANG_WARN_RANGE_LOOP_ANALYSIS = YES;
				CLANG_WARN_STRICT_PROTOTYPES = YES;
				CLANG_WARN_SUSPICIOUS_MOVE = YES;
				CLANG_WARN_UNGUARDED_AVAILABILITY = YES_AGGRESSIVE;
				CLANG_WARN_UNREACHABLE_CODE = YES;
				CLANG_WARN__DUPLICATE_METHOD_MATCH = YES;
				COPY_PHASE_STRIP = NO;
				DEBUG_INFORMATION_FORMAT = "dwarf-with-dsym";
				DEVELOPMENT_TEAM = ZAA5MN64VG;
				ENABLE_NS_ASSERTIONS = NO;
				ENABLE_STRICT_OBJC_MSGSEND = YES;
				ENABLE_USER_SCRIPT_SANDBOXING = YES;
				GCC_C_LANGUAGE_STANDARD = gnu17;
				GCC_NO_COMMON_BLOCKS = YES;
				GCC_WARN_64_TO_32_BIT_CONVERSION = YES;
				GCC_WARN_ABOUT_RETURN_TYPE = YES_ERROR;
				GCC_WARN_UNDECLARED_SELECTOR = YES;
				GCC_WARN_UNINITIALIZED_AUTOS = YES_AGGRESSIVE;
				GCC_WARN_UNUSED_FUNCTION = YES;
				GCC_WARN_UNUSED_VARIABLE = YES;
				IPHONEOS_DEPLOYMENT_TARGET = 26.2;
				LOCALIZATION_PREFERS_STRING_CATALOGS = YES;
				MTL_ENABLE_DEBUG_INFO = NO;
				MTL_FAST_MATH = YES;
				SDKROOT = iphoneos;
				SWIFT_COMPILATION_MODE = wholemodule;
				VALIDATE_PRODUCT = YES;
			};
			name = Release;
		};
		7DCD33BC2F4CC1D900C10322 /* Debug */ = {
			isa = XCBuildConfiguration;
			buildSettings = {
				ASSETCATALOG_COMPILER_APPICON_NAME = AppIcon;
				ASSETCATALOG_COMPILER_GLOBAL_ACCENT_COLOR_NAME = AccentColor;
				CODE_SIGN_STYLE = Automatic;
				CURRENT_PROJECT_VERSION = 1;
				DEVELOPMENT_TEAM = ZAA5MN64VG;
				ENABLE_PREVIEWS = YES;
				GENERATE_INFOPLIST_FILE = YES;
				INFOPLIST_KEY_UIApplicationSceneManifest_Generation = YES;
				INFOPLIST_KEY_UIApplicationSupportsIndirectInputEvents = YES;
				INFOPLIST_KEY_UILaunchScreen_Generation = YES;
				INFOPLIST_KEY_UISupportedInterfaceOrientations_iPad = "UIInterfaceOrientationPortrait UIInterfaceOrientationPortraitUpsideDown UIInterfaceOrientationLandscapeLeft UIInterfaceOrientationLandscapeRight";
				INFOPLIST_KEY_UISupportedInterfaceOrientations_iPhone = "UIInterfaceOrientationPortrait UIInterfaceOrientationLandscapeLeft UIInterfaceOrientationLandscapeRight";
				LD_RUNPATH_SEARCH_PATHS = (
					"$(inherited)",
					"@executable_path/Frameworks",
				);
				MARKETING_VERSION = 1.0;
				PRODUCT_BUNDLE_IDENTIFIER = "com.kirillfranklin.s-wishlist-x2";
				PRODUCT_NAME = "$(TARGET_NAME)";
				STRING_CATALOG_GENERATE_SYMBOLS = YES;
				SWIFT_APPROACHABLE_CONCURRENCY = YES;
				SWIFT_DEFAULT_ACTOR_ISOLATION = MainActor;
				SWIFT_EMIT_LOC_STRINGS = YES;
				SWIFT_UPCOMING_FEATURE_MEMBER_IMPORT_VISIBILITY = YES;
				SWIFT_VERSION = 5.0;
				TARGETED_DEVICE_FAMILY = "1,2";
			};
			name = Debug;
		};
		7DCD33BD2F4CC1D900C10322 /* Release */ = {
			isa = XCBuildConfiguration;
			buildSettings = {
				ASSETCATALOG_COMPILER_APPICON_NAME = AppIcon;
				ASSETCATALOG_COMPILER_GLOBAL_ACCENT_COLOR_NAME = AccentColor;
				CODE_SIGN_STYLE = Automatic;
				CURRENT_PROJECT_VERSION = 1;
				DEVELOPMENT_TEAM = ZAA5MN64VG;
				ENABLE_PREVIEWS = YES;
				GENERATE_INFOPLIST_FILE = YES;
				INFOPLIST_KEY_UIApplicationSceneManifest_Generation = YES;
				INFOPLIST_KEY_UIApplicationSupportsIndirectInputEvents = YES;
				INFOPLIST_KEY_UILaunchScreen_Generation = YES;
				INFOPLIST_KEY_UISupportedInterfaceOrientations_iPad = "UIInterfaceOrientationPortrait UIInterfaceOrientationPortraitUpsideDown UIInterfaceOrientationLandscapeLeft UIInterfaceOrientationLandscapeRight";
				INFOPLIST_KEY_UISupportedInterfaceOrientations_iPhone = "UIInterfaceOrientationPortrait UIInterfaceOrientationLandscapeLeft UIInterfaceOrientationLandscapeRight";
				LD_RUNPATH_SEARCH_PATHS = (
					"$(inherited)",
					"@executable_path/Frameworks",
				);
				MARKETING_VERSION = 1.0;
				PRODUCT_BUNDLE_IDENTIFIER = "com.kirillfranklin.s-wishlist-x2";
				PRODUCT_NAME = "$(TARGET_NAME)";
				STRING_CATALOG_GENERATE_SYMBOLS = YES;
				SWIFT_APPROACHABLE_CONCURRENCY = YES;
				SWIFT_DEFAULT_ACTOR_ISOLATION = MainActor;
				SWIFT_EMIT_LOC_STRINGS = YES;
				SWIFT_UPCOMING_FEATURE_MEMBER_IMPORT_VISIBILITY = YES;
				SWIFT_VERSION = 5.0;
				TARGETED_DEVICE_FAMILY = "1,2";
			};
			name = Release;
		};
		7DCD33BF2F4CC1D900C10322 /* Debug */ = {
			isa = XCBuildConfiguration;
			buildSettings = {
				BUNDLE_LOADER = "$(TEST_HOST)";
				CODE_SIGN_STYLE = Automatic;
				CURRENT_PROJECT_VERSION = 1;
				DEVELOPMENT_TEAM = ZAA5MN64VG;
				GENERATE_INFOPLIST_FILE = YES;
				IPHONEOS_DEPLOYMENT_TARGET = 26.2;
				MARKETING_VERSION = 1.0;
				PRODUCT_BUNDLE_IDENTIFIER = "com.kirillfranklin.s-wishlist-x2Tests";
				PRODUCT_NAME = "$(TARGET_NAME)";
				STRING_CATALOG_GENERATE_SYMBOLS = NO;
				SWIFT_APPROACHABLE_CONCURRENCY = YES;
				SWIFT_EMIT_LOC_STRINGS = NO;
				SWIFT_UPCOMING_FEATURE_MEMBER_IMPORT_VISIBILITY = YES;
				SWIFT_VERSION = 5.0;
				TARGETED_DEVICE_FAMILY = "1,2";
				TEST_HOST = "$(BUILT_PRODUCTS_DIR)/s_wishlist_x2.app/$(BUNDLE_EXECUTABLE_FOLDER_PATH)/s_wishlist_x2";
			};
			name = Debug;
		};
		7DCD33C02F4CC1D900C10322 /* Release */ = {
			isa = XCBuildConfiguration;
			buildSettings = {
				BUNDLE_LOADER = "$(TEST_HOST)";
				CODE_SIGN_STYLE = Automatic;
				CURRENT_PROJECT_VERSION = 1;
				DEVELOPMENT_TEAM = ZAA5MN64VG;
				GENERATE_INFOPLIST_FILE = YES;
				IPHONEOS_DEPLOYMENT_TARGET = 26.2;
				MARKETING_VERSION = 1.0;
				PRODUCT_BUNDLE_IDENTIFIER = "com.kirillfranklin.s-wishlist-x2Tests";
				PRODUCT_NAME = "$(TARGET_NAME)";
				STRING_CATALOG_GENERATE_SYMBOLS = NO;
				SWIFT_APPROACHABLE_CONCURRENCY = YES;
				SWIFT_EMIT_LOC_STRINGS = NO;
				SWIFT_UPCOMING_FEATURE_MEMBER_IMPORT_VISIBILITY = YES;
				SWIFT_VERSION = 5.0;
				TARGETED_DEVICE_FAMILY = "1,2";
				TEST_HOST = "$(BUILT_PRODUCTS_DIR)/s_wishlist_x2.app/$(BUNDLE_EXECUTABLE_FOLDER_PATH)/s_wishlist_x2";
			};
			name = Release;
		};
		7DCD33C22F4CC1D900C10322 /* Debug */ = {
			isa = XCBuildConfiguration;
			buildSettings = {
				CODE_SIGN_STYLE = Automatic;
				CURRENT_PROJECT_VERSION = 1;
				DEVELOPMENT_TEAM = ZAA5MN64VG;
				GENERATE_INFOPLIST_FILE = YES;
				MARKETING_VERSION = 1.0;
				PRODUCT_BUNDLE_IDENTIFIER = "com.kirillfranklin.s-wishlist-x2UITests";
				PRODUCT_NAME = "$(TARGET_NAME)";
				STRING_CATALOG_GENERATE_SYMBOLS = NO;
				SWIFT_APPROACHABLE_CONCURRENCY = YES;
				SWIFT_EMIT_LOC_STRINGS = NO;
				SWIFT_UPCOMING_FEATURE_MEMBER_IMPORT_VISIBILITY = YES;
				SWIFT_VERSION = 5.0;
				TARGETED_DEVICE_FAMILY = "1,2";
				TEST_TARGET_NAME = s_wishlist_x2;
			};
			name = Debug;
		};
		7DCD33C32F4CC1D900C10322 /* Release */ = {
			isa = XCBuildConfiguration;
			buildSettings = {
				CODE_SIGN_STYLE = Automatic;
				CURRENT_PROJECT_VERSION = 1;
				DEVELOPMENT_TEAM = ZAA5MN64VG;
				GENERATE_INFOPLIST_FILE = YES;
				MARKETING_VERSION = 1.0;
				PRODUCT_BUNDLE_IDENTIFIER = "com.kirillfranklin.s-wishlist-x2UITests";
				PRODUCT_NAME = "$(TARGET_NAME)";
				STRING_CATALOG_GENERATE_SYMBOLS = NO;
				SWIFT_APPROACHABLE_CONCURRENCY = YES;
				SWIFT_EMIT_LOC_STRINGS = NO;
				SWIFT_UPCOMING_FEATURE_MEMBER_IMPORT_VISIBILITY = YES;
				SWIFT_VERSION = 5.0;
				TARGETED_DEVICE_FAMILY = "1,2";
				TEST_TARGET_NAME = s_wishlist_x2;
			};
			name = Release;
		};
/* End XCBuildConfiguration section */

/* Begin XCConfigurationList section */
		7DCD33952F4CC1D800C10322 /* Build configuration list for PBXProject "s_wishlist_x2" */ = {
			isa = XCConfigurationList;
			buildConfigurations = (
				7DCD33B92F4CC1D900C10322 /* Debug */,
				7DCD33BA2F4CC1D900C10322 /* Release */,
			);
			defaultConfigurationIsVisible = 0;
			defaultConfigurationName = Release;
		};
		7DCD33BB2F4CC1D900C10322 /* Build configuration list for PBXNativeTarget "s_wishlist_x2" */ = {
			isa = XCConfigurationList;
			buildConfigurations = (
				7DCD33BC2F4CC1D900C10322 /* Debug */,
				7DCD33BD2F4CC1D900C10322 /* Release */,
			);
			defaultConfigurationIsVisible = 0;
			defaultConfigurationName = Release;
		};
		7DCD33BE2F4CC1D900C10322 /* Build configuration list for PBXNativeTarget "s_wishlist_x2Tests" */ = {
			isa = XCConfigurationList;
			buildConfigurations = (
				7DCD33BF2F4CC1D900C10322 /* Debug */,
				7DCD33C02F4CC1D900C10322 /* Release */,
			);
			defaultConfigurationIsVisible = 0;
			defaultConfigurationName = Release;
		};
		7DCD33C12F4CC1D900C10322 /* Build configuration list for PBXNativeTarget "s_wishlist_x2UITests" */ = {
			isa = XCConfigurationList;
			buildConfigurations = (
				7DCD33C22F4CC1D900C10322 /* Debug */,
				7DCD33C32F4CC1D900C10322 /* Release */,
			);
			defaultConfigurationIsVisible = 0;
			defaultConfigurationName = Release;
		};
/* End XCConfigurationList section */
	};
	rootObject = 7DCD33922F4CC1D800C10322 /* Project object */;
}
